
Microsoft Visual Studio Solution File, Format Version 12.00
# Visual Studio Version 17
VisualStudioVersion = 17.6.33829.357
MinimumVisualStudioVersion = 10.0.40219.1
Project("{54A90642-561A-4BB1-A94E-469ADEE60C69}") = "vueproject1", "vueproject1\vueproject1.esproj", "{8B575BA2-8F8E-45F4-A7FB-B0D0BEA03374}"
EndProject
Global
	GlobalSection(SolutionConfigurationPlatforms) = preSolution
		Debug|Any CPU = Debug|Any CPU
		Release|Any CPU = Release|Any CPU
	EndGlobalSection
	GlobalSection(ProjectConfigurationPlatforms) = postSolution
		{8B575BA2-8F8E-45F4-A7FB-B0D0BEA03374}.Debug|Any CPU.ActiveCfg = Debug|Any CPU
		{8B575BA2-8F8E-45F4-A7FB-B0D0BEA03374}.Debug|Any CPU.Build.0 = Debug|Any CPU
		{8B575BA2-8F8E-45F4-A7FB-B0D0BEA03374}.Debug|Any CPU.Deploy.0 = Debug|Any CPU
		{8B575BA2-8F8E-45F4-A7FB-B0D0BEA03374}.Release|Any CPU.ActiveCfg = Release|Any CPU
		{8B575BA2-8F8E-45F4-A7FB-B0D0BEA03374}.Release|Any CPU.Build.0 = Release|Any CPU
		{8B575BA2-8F8E-45F4-A7FB-B0D0BEA03374}.Release|Any CPU.Deploy.0 = Release|Any CPU
	EndGlobalSection
	GlobalSection(SolutionProperties) = preSolution
		HideSolutionNode = FALSE
	EndGlobalSection
	GlobalSection(ExtensibilityGlobals) = postSolution
		SolutionGuid = {912CDFC8-956B-4C75-AB83-88FA56F4DE7E}
	EndGlobalSection
EndGlobal
